<?xml version="1.0" encoding="utf-8"?>
<Project ToolsVersion="4.0" xmlns="http://schemas.microsoft.com/developer/msbuild/2003">
  <ItemGroup>
    <ClCompile Include="Main.cpp" />
    <ClCompile Include="Logging.cpp">
      <Filter>Source Files\Helper</Filter>
    </ClCompile>
    <ClCompile Include="The5Application.cpp">
      <Filter>Source Files\The5Banshee</Filter>
    </ClCompile>
    <ClCompile Include="MeshFactory.cpp">
      <Filter>Source Files\Mesh</Filter>
    </ClCompile>
    <ClCompile Include="CameraFlyer.cpp">
      <Filter>Source Files\Components</Filter>
    </ClCompile>
    <ClCompile Include="The5DefaultAssets.cpp">
      <Filter>Source Files\The5Banshee</Filter>
    </ClCompile>
    <ClCompile Include="The5Utility.cpp">
      <Filter>Source Files\The5Banshee</Filter>
    </ClCompile>
    <ClCompile Include="The5InputConfig.cpp">
      <Filter>Source Files\The5Banshee</Filter>
    </ClCompile>
  </ItemGroup>
  <ItemGroup>
    <ClInclude Include="Logging.h">
      <Filter>Source Files\Helper</Filter>
    </ClInclude>
    <ClInclude Include="ForwardDeclarations.h">
      <Filter>Source Files\Helper</Filter>
    </ClInclude>
    <ClInclude Include="include_Banshee.h">
      <Filter>Source Files\Includes</Filter>
    </ClInclude>
    <ClInclude Include="include_STL.h">
      <Filter>Source Files\Includes</Filter>
    </ClInclude>
    <ClInclude Include="The5Application.h">
      <Filter>Source Files\The5Banshee</Filter>
    </ClInclude>
    <ClInclude Include="MeshFactory.h">
      <Filter>Source Files\Mesh</Filter>
    </ClInclude>
    <ClInclude Include="CameraFlyer.h">
      <Filter>Source Files\Components</Filter>
    </ClInclude>
    <ClInclude Include="The5DefaultAssets.h">
      <Filter>Source Files\The5Banshee</Filter>
    </ClInclude>
    <ClInclude Include="The5Utility.h">
      <Filter>Source Files\The5Banshee</Filter>
    </ClInclude>
    <ClInclude Include="The5Config.h">
      <Filter>Source Files\The5Banshee</Filter>
    </ClInclude>
    <ClInclude Include="The5InputConfig.h">
      <Filter>Source Files\The5Banshee</Filter>
    </ClInclude>
  </ItemGroup>
  <ItemGroup>
    <Filter Include="Source Files">
      <UniqueIdentifier>{b766bdcd-0c5c-4f90-8321-15d721156583}</UniqueIdentifier>
    </Filter>
    <Filter Include="CMake">
      <UniqueIdentifier>{8bc6cabb-0a86-407b-a43f-72f02c9d4dae}</UniqueIdentifier>
    </Filter>
    <Filter Include="Source Files\Components">
      <UniqueIdentifier>{1d4271a6-96f3-4b3e-86c4-39eda1c5cfbd}</UniqueIdentifier>
    </Filter>
    <Filter Include="Source Files\Helper">
      <UniqueIdentifier>{3b01a91d-ce36-4040-8481-dab8f7df860a}</UniqueIdentifier>
    </Filter>
    <Filter Include="Source Files\Includes">
      <UniqueIdentifier>{17b8f92d-d061-4db9-bf33-a3ea763bfe71}</UniqueIdentifier>
    </Filter>
    <Filter Include="Source Files\Mesh">
      <UniqueIdentifier>{fc3c2efe-fc0d-46e0-840b-def97d9775a5}</UniqueIdentifier>
    </Filter>
    <Filter Include="Source Files\The5Banshee">
      <UniqueIdentifier>{4295d8a4-8a02-48e8-9fde-e065b40e4e28}</UniqueIdentifier>
    </Filter>
  </ItemGroup>
  <ItemGroup>
    <CustomBuild Include="D:\Dev\BansheeEngine\Source\Examples\ExampleGettingStarted\CMakeLists.txt">
      <Filter>CMake</Filter>
    </CustomBuild>
  </ItemGroup>
</Project>